// !$*UTF8*$!
{
	archiveVersion = 1;
	classes = {
	};
	objectVersion = 77;
	objects = {

/* Begin PBXContainerItemProxy section */
		B987A5062DF605EF0001F061 /* PBXContainerItemProxy */ = {
			isa = PBXContainerItemProxy;
			containerPortal = B987A4E72DF605ED0001F061 /* Project object */;
			proxyType = 1;
			remoteGlobalIDString = B987A4EE2DF605ED0001F061;
			remoteInfo = Weather1221;
		};
		B987A5102DF605EF0001F061 /* PBXContainerItemProxy */ = {
			isa = PBXContainerItemProxy;
			containerPortal = B987A4E72DF605ED0001F061 /* Project object */;
			proxyType = 1;
			remoteGlobalIDString = B987A4EE2DF605ED0001F061;
			remoteInfo = Weather1221;
		};
/* End PBXContainerItemProxy section */

/* Begin PBXFileReference section */
		B987A4EF2DF605ED0001F061 /* Weather1221.app */ = {isa = PBXFileReference; explicitFileType = wrapper.application; includeInIndex = 0; path = Weather1221.app; sourceTree = BUILT_PRODUCTS_DIR; };
		B987A5052DF605EF0001F061 /* Weather1221Tests.xctest */ = {isa = PBXFileReference; explicitFileType = wrapper.cfbundle; includeInIndex = 0; path = Weather1221Tests.xctest; sourceTree = BUILT_PRODUCTS_DIR; };
		B987A50F2DF605EF0001F061 /* Weather1221UITests.xctest */ = {isa = PBXFileReference; explicitFileType = wrapper.cfbundle; includeInIndex = 0; path = Weather1221UITests.xctest; sourceTree = BUILT_PRODUCTS_DIR; };
/* End PBXFileReference section */

/* Begin PBXFileSystemSynchronizedBuildFileExceptionSet section */
		B987A5172DF605EF0001F061 /* Exceptions for "Weather1221" folder in "Weather1221" target */ = {
			isa = PBXFileSystemSynchronizedBuildFileExceptionSet;
			membershipExceptions = (
				Info.plist,
			);
			target = B987A4EE2DF605ED0001F061 /* Weather1221 */;
		};
/* End PBXFileSystemSynchronizedBuildFileExceptionSet section */

/* Begin PBXFileSystemSynchronizedRootGroup section */
		B987A4F12DF605ED0001F061 /* Weather1221 */ = {
			isa = PBXFileSystemSynchronizedRootGroup;
			exceptions = (
				B987A5172DF605EF0001F061 /* Exceptions for "Weather1221" folder in "Weather1221" target */,
			);
			path = Weather1221;
			sourceTree = "<group>";
		};
		B987A5082DF605EF0001F061 /* Weather1221Tests */ = {
			isa = PBXFileSystemSynchronizedRootGroup;
			path = Weather1221Tests;
			sourceTree = "<group>";
		};
		B987A5122DF605EF0001F061 /* Weather1221UITests */ = {
			isa = PBXFileSystemSynchronizedRootGroup;
			path = Weather1221UITests;
			sourceTree = "<group>";
		};
/* End PBXFileSystemSynchronizedRootGroup section */

/* Begin PBXFrameworksBuildPhase section */
		B987A4EC2DF605ED0001F061 /* Frameworks */ = {
			isa = PBXFrameworksBuildPhase;
			buildActionMask = 2147483647;
			files = (
			);
			runOnlyForDeploymentPostprocessing = 0;
		};
		B987A5022DF605EF0001F061 /* Frameworks */ = {
			isa = PBXFrameworksBuildPhase;
			buildActionMask = 2147483647;
			files = (
			);
			runOnlyForDeploymentPostprocessing = 0;
		};
		B987A50C2DF605EF0001F061 /* Frameworks */ = {
			isa = PBXFrameworksBuildPhase;
			buildActionMask = 2147483647;
			files = (
			);
			runOnlyForDeploymentPostprocessing = 0;
		};
/* End PBXFrameworksBuildPhase section */

/* Begin PBXGroup section */
		B987A4E62DF605ED0001F061 = {
			isa = PBXGroup;
			children = (
				B987A4F12DF605ED0001F061 /* Weather1221 */,
				B987A5082DF605EF0001F061 /* Weather1221Tests */,
				B987A5122DF605EF0001F061 /* Weather1221UITests */,
				B987A4F02DF605ED0001F061 /* Products */,
			);
			sourceTree = "<group>";
		};
		B987A4F02DF605ED0001F061 /* Products */ = {
			isa = PBXGroup;
			children = (
				B987A4EF2DF605ED0001F061 /* Weather1221.app */,
				B987A5052DF605EF0001F061 /* Weather1221Tests.xctest */,
				B987A50F2DF605EF0001F061 /* Weather1221UITests.xctest */,
			);
			name = Products;
			sourceTree = "<group>";
		};
/* End PBXGroup section */

/* Begin PBXNativeTarget section */
		B987A4EE2DF605ED0001F061 /* Weather1221 */ = {
			isa = PBXNativeTarget;
			buildConfigurationList = B987A5182DF605EF0001F061 /* Build configuration list for PBXNativeTarget "Weather1221" */;
			buildPhases = (
				B987A4EB2DF605ED0001F061 /* Sources */,
				B987A4EC2DF605ED0001F061 /* Frameworks */,
				B987A4ED2DF605ED0001F061 /* Resources */,
			);
			buildRules = (
			);
			dependencies = (
			);
			fileSystemSynchronizedGroups = (
				B987A4F12DF605ED0001F061 /* Weather1221 */,
			);
			name = Weather1221;
			packageProductDependencies = (
			);
			productName = Weather1221;
			productReference = B987A4EF2DF605ED0001F061 /* Weather1221.app */;
			productType = "com.apple.product-type.application";
		};
		B987A5042DF605EF0001F061 /* Weather1221Tests */ = {
			isa = PBXNativeTarget;
			buildConfigurationList = B987A51D2DF605EF0001F061 /* Build configuration list for PBXNativeTarget "Weather1221Tests" */;
			buildPhases = (
				B987A5012DF605EF0001F061 /* Sources */,
				B987A5022DF605EF0001F061 /* Frameworks */,
				B987A5032DF605EF0001F061 /* Resources */,
			);
			buildRules = (
			);
			dependencies = (
				B987A5072DF605EF0001F061 /* PBXTargetDependency */,
			);
			fileSystemSynchronizedGroups = (
				B987A5082DF605EF0001F061 /* Weather1221Tests */,
			);
			name = Weather1221Tests;
			packageProductDependencies = (
			);
			productName = Weather1221Tests;
			productReference = B987A5052DF605EF0001F061 /* Weather1221Tests.xctest */;
			productType = "com.apple.product-type.bundle.unit-test";
		};
		B987A50E2DF605EF0001F061 /* Weather1221UITests */ = {
			isa = PBXNativeTarget;
			buildConfigurationList = B987A5202DF605EF0001F061 /* Build configuration list for PBXNativeTarget "Weather1221UITests" */;
			buildPhases = (
				B987A50B2DF605EF0001F061 /* Sources */,
				B987A50C2DF605EF0001F061 /* Frameworks */,
				B987A50D2DF605EF0001F061 /* Resources */,
			);
			buildRules = (
			);
			dependencies = (
				B987A5112DF605EF0001F061 /* PBXTargetDependency */,
			);
			fileSystemSynchronizedGroups = (
				B987A5122DF605EF0001F061 /* Weather1221UITests */,
			);
			name = Weather1221UITests;
			packageProductDependencies = (
			);
			productName = Weather1221UITests;
			productReference = B987A50F2DF605EF0001F061 /* Weather1221UITests.xctest */;
			productType = "com.apple.product-type.bundle.ui-testing";
		};
/* End PBXNativeTarget section */

/* Begin PBXProject section */
		B987A4E72DF605ED0001F061 /* Project object */ = {
			isa = PBXProject;
			attributes = {
				BuildIndependentTargetsInParallel = 1;
				LastSwiftUpdateCheck = 1630;
				LastUpgradeCheck = 1630;
				TargetAttributes = {
					B987A4EE2DF605ED0001F061 = {
						CreatedOnToolsVersion = 16.3;
					};
					B987A5042DF605EF0001F061 = {
						CreatedOnToolsVersion = 16.3;
						TestTargetID = B987A4EE2DF605ED0001F061;
					};
					B987A50E2DF605EF0001F061 = {
						CreatedOnToolsVersion = 16.3;
						TestTargetID = B987A4EE2DF605ED0001F061;
					};
				};
			};
			buildConfigurationList = B987A4EA2DF605ED0001F061 /* Build configuration list for PBXProject "Weather1221" */;
			developmentRegion = en;
			hasScannedForEncodings = 0;
			knownRegions = (
				en,
				Base,
			);
			mainGroup = B987A4E62DF605ED0001F061;
			minimizedProjectReferenceProxies = 1;
			preferredProjectObjectVersion = 77;
			productRefGroup = B987A4F02DF605ED0001F061 /* Products */;
			projectDirPath = "";
			projectRoot = "";
			targets = (
				B987A4EE2DF605ED0001F061 /* Weather1221 */,
				B987A5042DF605EF0001F061 /* Weather1221Tests */,
				B987A50E2DF605EF0001F061 /* Weather1221UITests */,
			);
		};
/* End PBXProject section */

/* Begin PBXResourcesBuildPhase section */
		B987A4ED2DF605ED0001F061 /* Resources */ = {
			isa = PBXResourcesBuildPhase;
			buildActionMask = 2147483647;
			files = (
			);
			runOnlyForDeploymentPostprocessing = 0;
		};
		B987A5032DF605EF0001F061 /* Resources */ = {
			isa = PBXResourcesBuildPhase;
			buildActionMask = 2147483647;
			files = (
			);
			runOnlyForDeploymentPostprocessing = 0;
		};
		B987A50D2DF605EF0001F061 /* Resources */ = {
			isa = PBXResourcesBuildPhase;
			buildActionMask = 2147483647;
			files = (
			);
			runOnlyForDeploymentPostprocessing = 0;
		};
/* End PBXResourcesBuildPhase section */

/* Begin PBXSourcesBuildPhase section */
		B987A4EB2DF605ED0001F061 /* Sources */ = {
			isa = PBXSourcesBuildPhase;
			buildActionMask = 2147483647;
			files = (
			);
			runOnlyForDeploymentPostprocessing = 0;
		};
		B987A5012DF605EF0001F061 /* Sources */ = {
			isa = PBXSourcesBuildPhase;
			buildActionMask = 2147483647;
			files = (
			);
			runOnlyForDeploymentPostprocessing = 0;
		};
		B987A50B2DF605EF0001F061 /* Sources */ = {
			isa = PBXSourcesBuildPhase;
			buildActionMask = 2147483647;
			files = (
			);
			runOnlyForDeploymentPostprocessing = 0;
		};
/* End PBXSourcesBuildPhase section */

/* Begin PBXTargetDependency section */
		B987A5072DF605EF0001F061 /* PBXTargetDependency */ = {
			isa = PBXTargetDependency;
			target = B987A4EE2DF605ED0001F061 /* Weather1221 */;
			targetProxy = B987A5062DF605EF0001F061 /* PBXContainerItemProxy */;
		};
		B987A5112DF605EF0001F061 /* PBXTargetDependency */ = {
			isa = PBXTargetDependency;
			target = B987A4EE2DF605ED0001F061 /* Weather1221 */;
			targetProxy = B987A5102DF605EF0001F061 /* PBXContainerItemProxy */;
		};
/* End PBXTargetDependency section */

/* Begin XCBuildConfiguration section */
		B987A5192DF605EF0001F061 /* Debug */ = {
			isa = XCBuildConfiguration;
			buildSettings = {
				ASSETCATALOG_COMPILER_APPICON_NAME = AppIcon;
				ASSETCATALOG_COMPILER_GLOBAL_ACCENT_COLOR_NAME = AccentColor;
				CODE_SIGN_STYLE = Automatic;
				CURRENT_PROJECT_VERSION = 1;
				DEVELOPMENT_TEAM = X8D8382YA4;
				GENERATE_INFOPLIST_FILE = YES;
				INFOPLIST_FILE = Weather1221/Info.plist;
				INFOPLIST_KEY_UIApplicationSupportsIndirectInputEvents = YES;
				INFOPLIST_KEY_UILaunchStoryboardName = LaunchScreen;
				INFOPLIST_KEY_UIMainStoryboardFile = Main;
				INFOPLIST_KEY_UISupportedInterfaceOrientations_iPad = "UIInterfaceOrientationPortrait UIInterfaceOrientationPortraitUpsideDown UIInterfaceOrientationLandscapeLeft UIInterfaceOrientationLandscapeRight";
				INFOPLIST_KEY_UISupportedInterfaceOrientations_iPhone = "UIInterfaceOrientationPortrait UIInterfaceOrientationLandscapeLeft UIInterfaceOrientationLandscapeRight";
				LD_RUNPATH_SEARCH_PATHS = (
					"$(inherited)",
					"@executable_path/Frameworks",
				);
				MARKETING_VERSION = 1.0;
				PRODUCT_BUNDLE_IDENTIFIER = ru.Weather1221;
				PRODUCT_NAME = "$(TARGET_NAME)";
				SWIFT_EMIT_LOC_STRINGS = YES;
				SWIFT_VERSION = 5.0;
				TARGETED_DEVICE_FAMILY = "1,2";
			};
			name = Debug;
		};
		B987A51A2DF605EF0001F061 /* Release */ = {
			isa = XCBuildConfiguration;
			buildSettings = {
				ASSETCATALOG_COMPILER_APPICON_NAME = AppIcon;
				ASSETCATALOG_COMPILER_GLOBAL_ACCENT_COLOR_NAME = AccentColor;
				CODE_SIGN_STYLE = Automatic;
				CURRENT_PROJECT_VERSION = 1;
				DEVELOPMENT_TEAM = X8D8382YA4;
				GENERATE_INFOPLIST_FILE = YES;
				INFOPLIST_FILE = Weather1221/Info.plist;
				INFOPLIST_KEY_UIApplicationSupportsIndirectInputEvents = YES;
				INFOPLIST_KEY_UILaunchStoryboardName = LaunchScreen;
				INFOPLIST_KEY_UIMainStoryboardFile = Main;
				INFOPLIST_KEY_UISupportedInterfaceOrientations_iPad = "UIInterfaceOrientationPortrait UIInterfaceOrientationPortraitUpsideDown UIInterfaceOrientationLandscapeLeft UIInterfaceOrientationLandscapeRight";
				INFOPLIST_KEY_UISupportedInterfaceOrientations_iPhone = "UIInterfaceOrientationPortrait UIInterfaceOrientationLandscapeLeft UIInterfaceOrientationLandscapeRight";
				LD_RUNPATH_SEARCH_PATHS = (
					"$(inherited)",
					"@executable_path/Frameworks",
				);
				MARKETING_VERSION = 1.0;
				PRODUCT_BUNDLE_IDENTIFIER = ru.Weather1221;
				PRODUCT_NAME = "$(TARGET_NAME)";
				SWIFT_EMIT_LOC_STRINGS = YES;
				SWIFT_VERSION = 5.0;
				TARGETED_DEVICE_FAMILY = "1,2";
			};
			name = Release;
		};
		B987A51B2DF605EF0001F061 /* Debug */ = {
			isa = XCBuildConfiguration;
			buildSettings = {
				ALWAYS_SEARCH_USER_PATHS = NO;
				ASSETCATALOG_COMPILER_GENERATE_SWIFT_ASSET_SYMBOL_EXTENSIONS = YES;
				CLANG_ANALYZER_NONNULL = YES;
				CLANG_ANALYZER_NUMBER_OBJECT_CONVERSION = YES_AGGRESSIVE;
				CLANG_CXX_LANGUAGE_STANDARD = "gnu++20";
				CLANG_ENABLE_MODULES = YES;
				CLANG_ENABLE_OBJC_ARC = YES;
				CLANG_ENABLE_OBJC_WEAK = YES;
				CLANG_WARN_BLOCK_CAPTURE_AUTORELEASING = YES;
				CLANG_WARN_BOOL_CONVERSION = YES;
				CLANG_WARN_COMMA = YES;
				CLANG_WARN_CONSTANT_CONVERSION = YES;
				CLANG_WARN_DEPRECATED_OBJC_IMPLEMENTATIONS = YES;
				CLANG_WARN_DIRECT_OBJC_ISA_USAGE = YES_ERROR;
				CLANG_WARN_DOCUMENTATION_COMMENTS = YES;
				CLANG_WARN_EMPTY_BODY = YES;
				CLANG_WARN_ENUM_CONVERSION = YES;
				CLANG_WARN_INFINITE_RECURSION = YES;
				CLANG_WARN_INT_CONVERSION = YES;
				CLANG_WARN_NON_LITERAL_NULL_CONVERSION = YES;
				CLANG_WARN_OBJC_IMPLICIT_RETAIN_SELF = YES;
				CLANG_WARN_OBJC_LITERAL_CONVERSION = YES;
				CLANG_WARN_OBJC_ROOT_CLASS = YES_ERROR;
				CLANG_WARN_QUOTED_INCLUDE_IN_FRAMEWORK_HEADER = YES;
				CLANG_WARN_RANGE_LOOP_ANALYSIS = YES;
				CLANG_WARN_STRICT_PROTOTYPES = YES;
				CLANG_WARN_SUSPICIOUS_MOVE = YES;
				CLANG_WARN_UNGUARDED_AVAILABILITY = YES_AGGRESSIVE;
				CLANG_WARN_UNREACHABLE_CODE = YES;
				CLANG_WARN__DUPLICATE_METHOD_MATCH = YES;
				COPY_PHASE_STRIP = NO;
				DEBUG_INFORMATION_FORMAT = dwarf;
				DEVELOPMENT_TEAM = X8D8382YA4;
				ENABLE_STRICT_OBJC_MSGSEND = YES;
				ENABLE_TESTABILITY = YES;
				ENABLE_USER_SCRIPT_SANDBOXING = YES;
				GCC_C_LANGUAGE_STANDARD = gnu17;
				GCC_DYNAMIC_NO_PIC = NO;
				GCC_NO_COMMON_BLOCKS = YES;
				GCC_OPTIMIZATION_LEVEL = 0;
				GCC_PREPROCESSOR_DEFINITIONS = (
					"DEBUG=1",
					"$(inherited)",
				);
				GCC_WARN_64_TO_32_BIT_CONVERSION = YES;
				GCC_WARN_ABOUT_RETURN_TYPE = YES_ERROR;
				GCC_WARN_UNDECLARED_SELECTOR = YES;
				GCC_WARN_UNINITIALIZED_AUTOS = YES_AGGRESSIVE;
				GCC_WARN_UNUSED_FUNCTION = YES;
				GCC_WARN_UNUSED_VARIABLE = YES;
				IPHONEOS_DEPLOYMENT_TARGET = 18.4;
				LOCALIZATION_PREFERS_STRING_CATALOGS = YES;
				MTL_ENABLE_DEBUG_INFO = INCLUDE_SOURCE;
				MTL_FAST_MATH = YES;
				ONLY_ACTIVE_ARCH = YES;
				SDKROOT = iphoneos;
				SWIFT_ACTIVE_COMPILATION_CONDITIONS = "DEBUG $(inherited)";
				SWIFT_OPTIMIZATION_LEVEL = "-Onone";
			};
			name = Debug;
		};
		B987A51C2DF605EF0001F061 /* Release */ = {
			isa = XCBuildConfiguration;
			buildSettings = {
				ALWAYS_SEARCH_USER_PATHS = NO;
				ASSETCATALOG_COMPILER_GENERATE_SWIFT_ASSET_SYMBOL_EXTENSIONS = YES;
				CLANG_ANALYZER_NONNULL = YES;
				CLANG_ANALYZER_NUMBER_OBJECT_CONVERSION = YES_AGGRESSIVE;
				CLANG_CXX_LANGUAGE_STANDARD = "gnu++20";
				CLANG_ENABLE_MODULES = YES;
				CLANG_ENABLE_OBJC_ARC = YES;
				CLANG_ENABLE_OBJC_WEAK = YES;
				CLANG_WARN_BLOCK_CAPTURE_AUTORELEASING = YES;
				CLANG_WARN_BOOL_CONVERSION = YES;
				CLANG_WARN_COMMA = YES;
				CLANG_WARN_CONSTANT_CONVERSION = YES;
				CLANG_WARN_DEPRECATED_OBJC_IMPLEMENTATIONS = YES;
				CLANG_WARN_DIRECT_OBJC_ISA_USAGE = YES_ERROR;
				CLANG_WARN_DOCUMENTATION_COMMENTS = YES;
				CLANG_WARN_EMPTY_BODY = YES;
				CLANG_WARN_ENUM_CONVERSION = YES;
				CLANG_WARN_INFINITE_RECURSION = YES;
				CLANG_WARN_INT_CONVERSION = YES;
				CLANG_WARN_NON_LITERAL_NULL_CONVERSION = YES;
				CLANG_WARN_OBJC_IMPLICIT_RETAIN_SELF = YES;
				CLANG_WARN_OBJC_LITERAL_CONVERSION = YES;
				CLANG_WARN_OBJC_ROOT_CLASS = YES_ERROR;
				CLANG_WARN_QUOTED_INCLUDE_IN_FRAMEWORK_HEADER = YES;
				CLANG_WARN_RANGE_LOOP_ANALYSIS = YES;
				CLANG_WARN_STRICT_PROTOTYPES = YES;
				CLANG_WARN_SUSPICIOUS_MOVE = YES;
				CLANG_WARN_UNGUARDED_AVAILABILITY = YES_AGGRESSIVE;
				CLANG_WARN_UNREACHABLE_CODE = YES;
				CLANG_WARN__DUPLICATE_METHOD_MATCH = YES;
				COPY_PHASE_STRIP = NO;
				DEBUG_INFORMATION_FORMAT = "dwarf-with-dsym";
				DEVELOPMENT_TEAM = X8D8382YA4;
				ENABLE_NS_ASSERTIONS = NO;
				ENABLE_STRICT_OBJC_MSGSEND = YES;
				ENABLE_USER_SCRIPT_SANDBOXING = YES;
				GCC_C_LANGUAGE_STANDARD = gnu17;
				GCC_NO_COMMON_BLOCKS = YES;
				GCC_WARN_64_TO_32_BIT_CONVERSION = YES;
				GCC_WARN_ABOUT_RETURN_TYPE = YES_ERROR;
				GCC_WARN_UNDECLARED_SELECTOR = YES;
				GCC_WARN_UNINITIALIZED_AUTOS = YES_AGGRESSIVE;
				GCC_WARN_UNUSED_FUNCTION = YES;
				GCC_WARN_UNUSED_VARIABLE = YES;
				IPHONEOS_DEPLOYMENT_TARGET = 18.4;
				LOCALIZATION_PREFERS_STRING_CATALOGS = YES;
				MTL_ENABLE_DEBUG_INFO = NO;
				MTL_FAST_MATH = YES;
				SDKROOT = iphoneos;
				SWIFT_COMPILATION_MODE = wholemodule;
				VALIDATE_PRODUCT = YES;
			};
			name = Release;
		};
		B987A51E2DF605EF0001F061 /* Debug */ = {
			isa = XCBuildConfiguration;
			buildSettings = {
				BUNDLE_LOADER = "$(TEST_HOST)";
				CODE_SIGN_STYLE = Automatic;
				CURRENT_PROJECT_VERSION = 1;
				DEVELOPMENT_TEAM = X8D8382YA4;
				GENERATE_INFOPLIST_FILE = YES;
				IPHONEOS_DEPLOYMENT_TARGET = 18.4;
				MARKETING_VERSION = 1.0;
				PRODUCT_BUNDLE_IDENTIFIER = ru.Weather1221Tests;
				PRODUCT_NAME = "$(TARGET_NAME)";
				SWIFT_EMIT_LOC_STRINGS = NO;
				SWIFT_VERSION = 5.0;
				TARGETED_DEVICE_FAMILY = "1,2";
				TEST_HOST = "$(BUILT_PRODUCTS_DIR)/Weather1221.app/$(BUNDLE_EXECUTABLE_FOLDER_PATH)/Weather1221";
			};
			name = Debug;
		};
		B987A51F2DF605EF0001F061 /* Release */ = {
			isa = XCBuildConfiguration;
			buildSettings = {
				BUNDLE_LOADER = "$(TEST_HOST)";
				CODE_SIGN_STYLE = Automatic;
				CURRENT_PROJECT_VERSION = 1;
				DEVELOPMENT_TEAM = X8D8382YA4;
				GENERATE_INFOPLIST_FILE = YES;
				IPHONEOS_DEPLOYMENT_TARGET = 18.4;
				MARKETING_VERSION = 1.0;
				PRODUCT_BUNDLE_IDENTIFIER = ru.Weather1221Tests;
				PRODUCT_NAME = "$(TARGET_NAME)";
				SWIFT_EMIT_LOC_STRINGS = NO;
				SWIFT_VERSION = 5.0;
				TARGETED_DEVICE_FAMILY = "1,2";
				TEST_HOST = "$(BUILT_PRODUCTS_DIR)/Weather1221.app/$(BUNDLE_EXECUTABLE_FOLDER_PATH)/Weather1221";
			};
			name = Release;
		};
		B987A5212DF605EF0001F061 /* Debug */ = {
			isa = XCBuildConfiguration;
			buildSettings = {
				CODE_SIGN_STYLE = Automatic;
				CURRENT_PROJECT_VERSION = 1;
				DEVELOPMENT_TEAM = X8D8382YA4;
				GENERATE_INFOPLIST_FILE = YES;
				MARKETING_VERSION = 1.0;
				PRODUCT_BUNDLE_IDENTIFIER = ru.Weather1221UITests;
				PRODUCT_NAME = "$(TARGET_NAME)";
				SWIFT_EMIT_LOC_STRINGS = NO;
				SWIFT_VERSION = 5.0;
				TARGETED_DEVICE_FAMILY = "1,2";
				TEST_TARGET_NAME = Weather1221;
			};
			name = Debug;
		};
		B987A5222DF605EF0001F061 /* Release */ = {
			isa = XCBuildConfiguration;
			buildSettings = {
				CODE_SIGN_STYLE = Automatic;
				CURRENT_PROJECT_VERSION = 1;
				DEVELOPMENT_TEAM = X8D8382YA4;
				GENERATE_INFOPLIST_FILE = YES;
				MARKETING_VERSION = 1.0;
				PRODUCT_BUNDLE_IDENTIFIER = ru.Weather1221UITests;
				PRODUCT_NAME = "$(TARGET_NAME)";
				SWIFT_EMIT_LOC_STRINGS = NO;
				SWIFT_VERSION = 5.0;
				TARGETED_DEVICE_FAMILY = "1,2";
				TEST_TARGET_NAME = Weather1221;
			};
			name = Release;
		};
/* End XCBuildConfiguration section */

/* Begin XCConfigurationList section */
		B987A4EA2DF605ED0001F061 /* Build configuration list for PBXProject "Weather1221" */ = {
			isa = XCConfigurationList;
			buildConfigurations = (
				B987A51B2DF605EF0001F061 /* Debug */,
				B987A51C2DF605EF0001F061 /* Release */,
			);
			defaultConfigurationIsVisible = 0;
			defaultConfigurationName = Release;
		};
		B987A5182DF605EF0001F061 /* Build configuration list for PBXNativeTarget "Weather1221" */ = {
			isa = XCConfigurationList;
			buildConfigurations = (
				B987A5192DF605EF0001F061 /* Debug */,
				B987A51A2DF605EF0001F061 /* Release */,
			);
			defaultConfigurationIsVisible = 0;
			defaultConfigurationName = Release;
		};
		B987A51D2DF605EF0001F061 /* Build configuration list for PBXNativeTarget "Weather1221Tests" */ = {
			isa = XCConfigurationList;
			buildConfigurations = (
				B987A51E2DF605EF0001F061 /* Debug */,
				B987A51F2DF605EF0001F061 /* Release */,
			);
			defaultConfigurationIsVisible = 0;
			defaultConfigurationName = Release;
		};
		B987A5202DF605EF0001F061 /* Build configuration list for PBXNativeTarget "Weather1221UITests" */ = {
			isa = XCConfigurationList;
			buildConfigurations = (
				B987A5212DF605EF0001F061 /* Debug */,
				B987A5222DF605EF0001F061 /* Release */,
			);
			defaultConfigurationIsVisible = 0;
			defaultConfigurationName = Release;
		};
/* End XCConfigurationList section */
	};
	rootObject = B987A4E72DF605ED0001F061 /* Project object */;
}
